
Microsoft Visual Studio Solution File, Format Version 12.00
# Visual Studio Version 16
VisualStudioVersion = 16.0.30804.86
MinimumVisualStudioVersion = 10.0.40219.1
Project("{FAE04EC0-301F-11D3-BF4B-00C04F79EFBC}") = "Harjoitus14", "Harjoitus14\Harjoitus14.csproj", "{6FBA810D-EBB0-4C55-BBF9-ADF207A9700F}"
EndProject
Global
	GlobalSection(SolutionConfigurationPlatforms) = preSolution
		Debug|Any CPU = Debug|Any CPU
		Release|Any CPU = Release|Any CPU
	EndGlobalSection
	GlobalSection(ProjectConfigurationPlatforms) = postSolution
		{6FBA810D-EBB0-4C55-BBF9-ADF207A9700F}.Debug|Any CPU.ActiveCfg = Debug|Any CPU
		{6FBA810D-EBB0-4C55-BBF9-ADF207A9700F}.Debug|Any CPU.Build.0 = Debug|Any CPU
		{6FBA810D-EBB0-4C55-BBF9-ADF207A9700F}.Release|Any CPU.ActiveCfg = Release|Any CPU
		{6FBA810D-EBB0-4C55-BBF9-ADF207A9700F}.Release|Any CPU.Build.0 = Release|Any CPU
	EndGlobalSection
	GlobalSection(SolutionProperties) = preSolution
		HideSolutionNode = FALSE
	EndGlobalSection
	GlobalSection(ExtensibilityGlobals) = postSolution
		SolutionGuid = {BC85D9C9-F9BF-41EF-9DE2-793128C31B33}
	EndGlobalSection
EndGlobal
